
Microsoft Visual Studio Solution File, Format Version 12.00
# Visual Studio 15
VisualStudioVersion = 15.0.28307.329
MinimumVisualStudioVersion = 10.0.40219.1
Project("{FAE04EC0-301F-11D3-BF4B-00C04F79EFBC}") = "Application", "Phase2\Application.csproj", "{C48140DD-082B-4964-9AFB-F59D19DDE367}"
EndProject
Project("{FAE04EC0-301F-11D3-BF4B-00C04F79EFBC}") = "Activity_Manager", "Activity_Manager\Activity_Manager.csproj", "{345B3B75-110D-474E-9D22-7467B12CAC63}"
EndProject
Global
	GlobalSection(SolutionConfigurationPlatforms) = preSolution
		Debug|Any CPU = Debug|Any CPU
		Release|Any CPU = Release|Any CPU
	EndGlobalSection
	GlobalSection(ProjectConfigurationPlatforms) = postSolution
		{C48140DD-082B-4964-9AFB-F59D19DDE367}.Debug|Any CPU.ActiveCfg = Debug|Any CPU
		{C48140DD-082B-4964-9AFB-F59D19DDE367}.Debug|Any CPU.Build.0 = Debug|Any CPU
		{C48140DD-082B-4964-9AFB-F59D19DDE367}.Release|Any CPU.ActiveCfg = Release|Any CPU
		{C48140DD-082B-4964-9AFB-F59D19DDE367}.Release|Any CPU.Build.0 = Release|Any CPU
		{345B3B75-110D-474E-9D22-7467B12CAC63}.Debug|Any CPU.ActiveCfg = Debug|Any CPU
		{345B3B75-110D-474E-9D22-7467B12CAC63}.Debug|Any CPU.Build.0 = Debug|Any CPU
		{345B3B75-110D-474E-9D22-7467B12CAC63}.Release|Any CPU.ActiveCfg = Release|Any CPU
		{345B3B75-110D-474E-9D22-7467B12CAC63}.Release|Any CPU.Build.0 = Release|Any CPU
	EndGlobalSection
	GlobalSection(SolutionProperties) = preSolution
		HideSolutionNode = FALSE
	EndGlobalSection
	GlobalSection(ExtensibilityGlobals) = postSolution
		SolutionGuid = {73FAE105-4756-4049-AD9D-CA4FCE672A34}
	EndGlobalSection
EndGlobal
